
Microsoft Visual Studio Solution File, Format Version 12.00
# Visual Studio 15
VisualStudioVersion = 15.0.27428.2015
MinimumVisualStudioVersion = 10.0.40219.1
Project("{FAE04EC0-301F-11D3-BF4B-00C04F79EFBC}") = "BTBulldozer.Android", "BTBulldozer\BTBulldozer.Android\BTBulldozer.Android.csproj", "{07C0568D-1A38-455D-9534-7C16E8325D92}"
EndProject
Project("{FAE04EC0-301F-11D3-BF4B-00C04F79EFBC}") = "BTBulldozer.iOS", "BTBulldozer\BTBulldozer.iOS\BTBulldozer.iOS.csproj", "{23CE8EDD-2A0D-42D7-8E69-20F409D058A4}"
EndProject
Project("{FAE04EC0-301F-11D3-BF4B-00C04F79EFBC}") = "BTBulldozer.UWP", "BTBulldozer\BTBulldozer.UWP\BTBulldozer.UWP.csproj", "{12C851DA-9A31-417E-9AD1-32DC5B59A90E}"
EndProject
Project("{D954291E-2A0B-460D-934E-DC6B0785DB48}") = "BTBulldozer", "BTBulldozer\BTBulldozer\BTBulldozer.shproj", "{5EA11439-35B9-4EFD-9BA8-6615EEA0E929}"
EndProject
Global
	GlobalSection(SharedMSBuildProjectFiles) = preSolution
		BTBulldozer\BTBulldozer\BTBulldozer.projitems*{07c0568d-1a38-455d-9534-7c16e8325d92}*SharedItemsImports = 4
		BTBulldozer\BTBulldozer\BTBulldozer.projitems*{12c851da-9a31-417e-9ad1-32dc5b59a90e}*SharedItemsImports = 4
		BTBulldozer\BTBulldozer\BTBulldozer.projitems*{23ce8edd-2a0d-42d7-8e69-20f409d058a4}*SharedItemsImports = 4
		BTBulldozer\BTBulldozer\BTBulldozer.projitems*{5ea11439-35b9-4efd-9ba8-6615eea0e929}*SharedItemsImports = 13
	EndGlobalSection
	GlobalSection(SolutionConfigurationPlatforms) = preSolution
		Ad-Hoc|Any CPU = Ad-Hoc|Any CPU
		Ad-Hoc|ARM = Ad-Hoc|ARM
		Ad-Hoc|iPhone = Ad-Hoc|iPhone
		Ad-Hoc|iPhoneSimulator = Ad-Hoc|iPhoneSimulator
		Ad-Hoc|x64 = Ad-Hoc|x64
		Ad-Hoc|x86 = Ad-Hoc|x86
		AppStore|Any CPU = AppStore|Any CPU
		AppStore|ARM = AppStore|ARM
		AppStore|iPhone = AppStore|iPhone
		AppStore|iPhoneSimulator = AppStore|iPhoneSimulator
		AppStore|x64 = AppStore|x64
		AppStore|x86 = AppStore|x86
		Debug|Any CPU = Debug|Any CPU
		Debug|ARM = Debug|ARM
		Debug|iPhone = Debug|iPhone
		Debug|iPhoneSimulator = Debug|iPhoneSimulator
		Debug|x64 = Debug|x64
		Debug|x86 = Debug|x86
		Release|Any CPU = Release|Any CPU
		Release|ARM = Release|ARM
		Release|iPhone = Release|iPhone
		Release|iPhoneSimulator = Release|iPhoneSimulator
		Release|x64 = Release|x64
		Release|x86 = Release|x86
	EndGlobalSection
	GlobalSection(ProjectConfigurationPlatforms) = postSolution
		{07C0568D-1A38-455D-9534-7C16E8325D92}.Ad-Hoc|Any CPU.ActiveCfg = Release|Any CPU
		{07C0568D-1A38-455D-9534-7C16E8325D92}.Ad-Hoc|Any CPU.Build.0 = Release|Any CPU
		{07C0568D-1A38-455D-9534-7C16E8325D92}.Ad-Hoc|Any CPU.Deploy.0 = Release|Any CPU
		{07C0568D-1A38-455D-9534-7C16E8325D92}.Ad-Hoc|ARM.ActiveCfg = Release|Any CPU
		{07C0568D-1A38-455D-9534-7C16E8325D92}.Ad-Hoc|ARM.Build.0 = Release|Any CPU
		{07C0568D-1A38-455D-9534-7C16E8325D92}.Ad-Hoc|ARM.Deploy.0 = Release|Any CPU
		{07C0568D-1A38-455D-9534-7C16E8325D92}.Ad-Hoc|iPhone.ActiveCfg = Release|Any CPU
		{07C0568D-1A38-455D-9534-7C16E8325D92}.Ad-Hoc|iPhone.Build.0 = Release|Any CPU
		{07C0568D-1A38-455D-9534-7C16E8325D92}.Ad-Hoc|iPhone.Deploy.0 = Release|Any CPU
		{07C0568D-1A38-455D-9534-7C16E8325D92}.Ad-Hoc|iPhoneSimulator.ActiveCfg = Release|Any CPU
		{07C0568D-1A38-455D-9534-7C16E8325D92}.Ad-Hoc|iPhoneSimulator.Build.0 = Release|Any CPU
		{07C0568D-1A38-455D-9534-7C16E8325D92}.Ad-Hoc|iPhoneSimulator.Deploy.0 = Release|Any CPU
		{07C0568D-1A38-455D-9534-7C16E8325D92}.Ad-Hoc|x64.ActiveCfg = Release|Any CPU
		{07C0568D-1A38-455D-9534-7C16E8325D92}.Ad-Hoc|x64.Build.0 = Release|Any CPU
		{07C0568D-1A38-455D-9534-7C16E8325D92}.Ad-Hoc|x64.Deploy.0 = Release|Any CPU
		{07C0568D-1A38-455D-9534-7C16E8325D92}.Ad-Hoc|x86.ActiveCfg = Release|Any CPU
		{07C0568D-1A38-455D-9534-7C16E8325D92}.Ad-Hoc|x86.Build.0 = Release|Any CPU
		{07C0568D-1A38-455D-9534-7C16E8325D92}.Ad-Hoc|x86.Deploy.0 = Release|Any CPU
		{07C0568D-1A38-455D-9534-7C16E8325D92}.AppStore|Any CPU.ActiveCfg = Release|Any CPU
		{07C0568D-1A38-455D-9534-7C16E8325D92}.AppStore|Any CPU.Build.0 = Release|Any CPU
		{07C0568D-1A38-455D-9534-7C16E8325D92}.AppStore|Any CPU.Deploy.0 = Release|Any CPU
		{07C0568D-1A38-455D-9534-7C16E8325D92}.AppStore|ARM.ActiveCfg = Release|Any CPU
		{07C0568D-1A38-455D-9534-7C16E8325D92}.AppStore|ARM.Build.0 = Release|Any CPU
		{07C0568D-1A38-455D-9534-7C16E8325D92}.AppStore|ARM.Deploy.0 = Release|Any CPU
		{07C0568D-1A38-455D-9534-7C16E8325D92}.AppStore|iPhone.ActiveCfg = Release|Any CPU
		{07C0568D-1A38-455D-9534-7C16E8325D92}.AppStore|iPhone.Build.0 = Release|Any CPU
		{07C0568D-1A38-455D-9534-7C16E8325D92}.AppStore|iPhone.Deploy.0 = Release|Any CPU
		{07C0568D-1A38-455D-9534-7C16E8325D92}.AppStore|iPhoneSimulator.ActiveCfg = Release|Any CPU
		{07C0568D-1A38-455D-9534-7C16E8325D92}.AppStore|iPhoneSimulator.Build.0 = Release|Any CPU
		{07C0568D-1A38-455D-9534-7C16E8325D92}.AppStore|iPhoneSimulator.Deploy.0 = Release|Any CPU
		{07C0568D-1A38-455D-9534-7C16E8325D92}.AppStore|x64.ActiveCfg = Release|Any CPU
		{07C0568D-1A38-455D-9534-7C16E8325D92}.AppStore|x64.Build.0 = Release|Any CPU
		{07C0568D-1A38-455D-9534-7C16E8325D92}.AppStore|x64.Deploy.0 = Release|Any CPU
		{07C0568D-1A38-455D-9534-7C16E8325D92}.AppStore|x86.ActiveCfg = Release|Any CPU
		{07C0568D-1A38-455D-9534-7C16E8325D92}.AppStore|x86.Build.0 = Release|Any CPU
		{07C0568D-1A38-455D-9534-7C16E8325D92}.AppStore|x86.Deploy.0 = Release|Any CPU
		{07C0568D-1A38-455D-9534-7C16E8325D92}.Debug|Any CPU.ActiveCfg = Debug|Any CPU
		{07C0568D-1A38-455D-9534-7C16E8325D92}.Debug|Any CPU.Build.0 = Debug|Any CPU
		{07C0568D-1A38-455D-9534-7C16E8325D92}.Debug|Any CPU.Deploy.0 = Debug|Any CPU
		{07C0568D-1A38-455D-9534-7C16E8325D92}.Debug|ARM.ActiveCfg = Debug|Any CPU
		{07C0568D-1A38-455D-9534-7C16E8325D92}.Debug|ARM.Build.0 = Debug|Any CPU
		{07C0568D-1A38-455D-9534-7C16E8325D92}.Debug|ARM.Deploy.0 = Debug|Any CPU
		{07C0568D-1A38-455D-9534-7C16E8325D92}.Debug|iPhone.ActiveCfg = Debug|Any CPU
		{07C0568D-1A38-455D-9534-7C16E8325D92}.Debug|iPhone.Build.0 = Debug|Any CPU
		{07C0568D-1A38-455D-9534-7C16E8325D92}.Debug|iPhone.Deploy.0 = Debug|Any CPU
		{07C0568D-1A38-455D-9534-7C16E8325D92}.Debug|iPhoneSimulator.ActiveCfg = Debug|Any CPU
		{07C0568D-1A38-455D-9534-7C16E8325D92}.Debug|iPhoneSimulator.Build.0 = Debug|Any CPU
		{07C0568D-1A38-455D-9534-7C16E8325D92}.Debug|iPhoneSimulator.Deploy.0 = Debug|Any CPU
		{07C0568D-1A38-455D-9534-7C16E8325D92}.Debug|x64.ActiveCfg = Debug|Any CPU
		{07C0568D-1A38-455D-9534-7C16E8325D92}.Debug|x64.Build.0 = Debug|Any CPU
		{07C0568D-1A38-455D-9534-7C16E8325D92}.Debug|x64.Deploy.0 = Debug|Any CPU
		{07C0568D-1A38-455D-9534-7C16E8325D92}.Debug|x86.ActiveCfg = Debug|Any CPU
		{07C0568D-1A38-455D-9534-7C16E8325D92}.Debug|x86.Build.0 = Debug|Any CPU
		{07C0568D-1A38-455D-9534-7C16E8325D92}.Debug|x86.Deploy.0 = Debug|Any CPU
		{07C0568D-1A38-455D-9534-7C16E8325D92}.Release|Any CPU.ActiveCfg = Release|Any CPU
		{07C0568D-1A38-455D-9534-7C16E8325D92}.Release|Any CPU.Build.0 = Release|Any CPU
		{07C0568D-1A38-455D-9534-7C16E8325D92}.Release|Any CPU.Deploy.0 = Release|Any CPU
		{07C0568D-1A38-455D-9534-7C16E8325D92}.Release|ARM.ActiveCfg = Release|Any CPU
		{07C0568D-1A38-455D-9534-7C16E8325D92}.Release|ARM.Build.0 = Release|Any CPU
		{07C0568D-1A38-455D-9534-7C16E8325D92}.Release|ARM.Deploy.0 = Release|Any CPU
		{07C0568D-1A38-455D-9534-7C16E8325D92}.Release|iPhone.ActiveCfg = Release|Any CPU
		{07C0568D-1A38-455D-9534-7C16E8325D92}.Release|iPhone.Build.0 = Release|Any CPU
		{07C0568D-1A38-455D-9534-7C16E8325D92}.Release|iPhone.Deploy.0 = Release|Any CPU
		{07C0568D-1A38-455D-9534-7C16E8325D92}.Release|iPhoneSimulator.ActiveCfg = Release|Any CPU
		{07C0568D-1A38-455D-9534-7C16E8325D92}.Release|iPhoneSimulator.Build.0 = Release|Any CPU
		{07C0568D-1A38-455D-9534-7C16E8325D92}.Release|iPhoneSimulator.Deploy.0 = Release|Any CPU
		{07C0568D-1A38-455D-9534-7C16E8325D92}.Release|x64.ActiveCfg = Release|Any CPU
		{07C0568D-1A38-455D-9534-7C16E8325D92}.Release|x64.Build.0 = Release|Any CPU
		{07C0568D-1A38-455D-9534-7C16E8325D92}.Release|x64.Deploy.0 = Release|Any CPU
		{07C0568D-1A38-455D-9534-7C16E8325D92}.Release|x86.ActiveCfg = Release|Any CPU
		{07C0568D-1A38-455D-9534-7C16E8325D92}.Release|x86.Build.0 = Release|Any CPU
		{07C0568D-1A38-455D-9534-7C16E8325D92}.Release|x86.Deploy.0 = Release|Any CPU
		{23CE8EDD-2A0D-42D7-8E69-20F409D058A4}.Ad-Hoc|Any CPU.ActiveCfg = Ad-Hoc|iPhone
		{23CE8EDD-2A0D-42D7-8E69-20F409D058A4}.Ad-Hoc|ARM.ActiveCfg = Ad-Hoc|iPhone
		{23CE8EDD-2A0D-42D7-8E69-20F409D058A4}.Ad-Hoc|iPhone.ActiveCfg = Ad-Hoc|iPhone
		{23CE8EDD-2A0D-42D7-8E69-20F409D058A4}.Ad-Hoc|iPhone.Build.0 = Ad-Hoc|iPhone
		{23CE8EDD-2A0D-42D7-8E69-20F409D058A4}.Ad-Hoc|iPhoneSimulator.ActiveCfg = Ad-Hoc|iPhoneSimulator
		{23CE8EDD-2A0D-42D7-8E69-20F409D058A4}.Ad-Hoc|iPhoneSimulator.Build.0 = Ad-Hoc|iPhoneSimulator
		{23CE8EDD-2A0D-42D7-8E69-20F409D058A4}.Ad-Hoc|x64.ActiveCfg = Ad-Hoc|iPhone
		{23CE8EDD-2A0D-42D7-8E69-20F409D058A4}.Ad-Hoc|x86.ActiveCfg = Ad-Hoc|iPhone
		{23CE8EDD-2A0D-42D7-8E69-20F409D058A4}.AppStore|Any CPU.ActiveCfg = AppStore|iPhone
		{23CE8EDD-2A0D-42D7-8E69-20F409D058A4}.AppStore|ARM.ActiveCfg = AppStore|iPhone
		{23CE8EDD-2A0D-42D7-8E69-20F409D058A4}.AppStore|iPhone.ActiveCfg = AppStore|iPhone
		{23CE8EDD-2A0D-42D7-8E69-20F409D058A4}.AppStore|iPhone.Build.0 = AppStore|iPhone
		{23CE8EDD-2A0D-42D7-8E69-20F409D058A4}.AppStore|iPhoneSimulator.ActiveCfg = AppStore|iPhoneSimulator
		{23CE8EDD-2A0D-42D7-8E69-20F409D058A4}.AppStore|iPhoneSimulator.Build.0 = AppStore|iPhoneSimulator
		{23CE8EDD-2A0D-42D7-8E69-20F409D058A4}.AppStore|x64.ActiveCfg = AppStore|iPhone
		{23CE8EDD-2A0D-42D7-8E69-20F409D058A4}.AppStore|x86.ActiveCfg = AppStore|iPhone
		{23CE8EDD-2A0D-42D7-8E69-20F409D058A4}.Debug|Any CPU.ActiveCfg = Debug|iPhone
		{23CE8EDD-2A0D-42D7-8E69-20F409D058A4}.Debug|ARM.ActiveCfg = Debug|iPhone
		{23CE8EDD-2A0D-42D7-8E69-20F409D058A4}.Debug|iPhone.ActiveCfg = Debug|iPhone
		{23CE8EDD-2A0D-42D7-8E69-20F409D058A4}.Debug|iPhone.Build.0 = Debug|iPhone
		{23CE8EDD-2A0D-42D7-8E69-20F409D058A4}.Debug|iPhoneSimulator.ActiveCfg = Debug|iPhoneSimulator
		{23CE8EDD-2A0D-42D7-8E69-20F409D058A4}.Debug|iPhoneSimulator.Build.0 = Debug|iPhoneSimulator
		{23CE8EDD-2A0D-42D7-8E69-20F409D058A4}.Debug|x64.ActiveCfg = Debug|iPhone
		{23CE8EDD-2A0D-42D7-8E69-20F409D058A4}.Debug|x86.ActiveCfg = Debug|iPhone
		{23CE8EDD-2A0D-42D7-8E69-20F409D058A4}.Release|Any CPU.ActiveCfg = Release|iPhone
		{23CE8EDD-2A0D-42D7-8E69-20F409D058A4}.Release|ARM.ActiveCfg = Release|iPhone
		{23CE8EDD-2A0D-42D7-8E69-20F409D058A4}.Release|iPhone.ActiveCfg = Release|iPhone
		{23CE8EDD-2A0D-42D7-8E69-20F409D058A4}.Release|iPhone.Build.0 = Release|iPhone
		{23CE8EDD-2A0D-42D7-8E69-20F409D058A4}.Release|iPhoneSimulator.ActiveCfg = Release|iPhoneSimulator
		{23CE8EDD-2A0D-42D7-8E69-20F409D058A4}.Release|iPhoneSimulator.Build.0 = Release|iPhoneSimulator
		{23CE8EDD-2A0D-42D7-8E69-20F409D058A4}.Release|x64.ActiveCfg = Release|iPhone
		{23CE8EDD-2A0D-42D7-8E69-20F409D058A4}.Release|x86.ActiveCfg = Release|iPhone
		{12C851DA-9A31-417E-9AD1-32DC5B59A90E}.Ad-Hoc|Any CPU.ActiveCfg = Release|x86
		{12C851DA-9A31-417E-9AD1-32DC5B59A90E}.Ad-Hoc|Any CPU.Build.0 = Release|x86
		{12C851DA-9A31-417E-9AD1-32DC5B59A90E}.Ad-Hoc|Any CPU.Deploy.0 = Release|x86
		{12C851DA-9A31-417E-9AD1-32DC5B59A90E}.Ad-Hoc|ARM.ActiveCfg = Release|ARM
		{12C851DA-9A31-417E-9AD1-32DC5B59A90E}.Ad-Hoc|ARM.Build.0 = Release|ARM
		{12C851DA-9A31-417E-9AD1-32DC5B59A90E}.Ad-Hoc|ARM.Deploy.0 = Release|ARM
		{12C851DA-9A31-417E-9AD1-32DC5B59A90E}.Ad-Hoc|iPhone.ActiveCfg = Release|x86
		{12C851DA-9A31-417E-9AD1-32DC5B59A90E}.Ad-Hoc|iPhone.Build.0 = Release|x86
		{12C851DA-9A31-417E-9AD1-32DC5B59A90E}.Ad-Hoc|iPhone.Deploy.0 = Release|x86
		{12C851DA-9A31-417E-9AD1-32DC5B59A90E}.Ad-Hoc|iPhoneSimulator.ActiveCfg = Release|x86
		{12C851DA-9A31-417E-9AD1-32DC5B59A90E}.Ad-Hoc|iPhoneSimulator.Build.0 = Release|x86
		{12C851DA-9A31-417E-9AD1-32DC5B59A90E}.Ad-Hoc|iPhoneSimulator.Deploy.0 = Release|x86
		{12C851DA-9A31-417E-9AD1-32DC5B59A90E}.Ad-Hoc|x64.ActiveCfg = Release|x64
		{12C851DA-9A31-417E-9AD1-32DC5B59A90E}.Ad-Hoc|x64.Build.0 = Release|x64
		{12C851DA-9A31-417E-9AD1-32DC5B59A90E}.Ad-Hoc|x64.Deploy.0 = Release|x64
		{12C851DA-9A31-417E-9AD1-32DC5B59A90E}.Ad-Hoc|x86.ActiveCfg = Release|x86
		{12C851DA-9A31-417E-9AD1-32DC5B59A90E}.Ad-Hoc|x86.Build.0 = Release|x86
		{12C851DA-9A31-417E-9AD1-32DC5B59A90E}.Ad-Hoc|x86.Deploy.0 = Release|x86
		{12C851DA-9A31-417E-9AD1-32DC5B59A90E}.AppStore|Any CPU.ActiveCfg = Release|x86
		{12C851DA-9A31-417E-9AD1-32DC5B59A90E}.AppStore|Any CPU.Build.0 = Release|x86
		{12C851DA-9A31-417E-9AD1-32DC5B59A90E}.AppStore|Any CPU.Deploy.0 = Release|x86
		{12C851DA-9A31-417E-9AD1-32DC5B59A90E}.AppStore|ARM.ActiveCfg = Release|ARM
		{12C851DA-9A31-417E-9AD1-32DC5B59A90E}.AppStore|ARM.Build.0 = Release|ARM
		{12C851DA-9A31-417E-9AD1-32DC5B59A90E}.AppStore|ARM.Deploy.0 = Release|ARM
		{12C851DA-9A31-417E-9AD1-32DC5B59A90E}.AppStore|iPhone.ActiveCfg = Release|x86
		{12C851DA-9A31-417E-9AD1-32DC5B59A90E}.AppStore|iPhone.Build.0 = Release|x86
		{12C851DA-9A31-417E-9AD1-32DC5B59A90E}.AppStore|iPhone.Deploy.0 = Release|x86
		{12C851DA-9A31-417E-9AD1-32DC5B59A90E}.AppStore|iPhoneSimulator.ActiveCfg = Release|x86
		{12C851DA-9A31-417E-9AD1-32DC5B59A90E}.AppStore|iPhoneSimulator.Build.0 = Release|x86
		{12C851DA-9A31-417E-9AD1-32DC5B59A90E}.AppStore|iPhoneSimulator.Deploy.0 = Release|x86
		{12C851DA-9A31-417E-9AD1-32DC5B59A90E}.AppStore|x64.ActiveCfg = Release|x64
		{12C851DA-9A31-417E-9AD1-32DC5B59A90E}.AppStore|x64.Build.0 = Release|x64
		{12C851DA-9A31-417E-9AD1-32DC5B59A90E}.AppStore|x64.Deploy.0 = Release|x64
		{12C851DA-9A31-417E-9AD1-32DC5B59A90E}.AppStore|x86.ActiveCfg = Release|x86
		{12C851DA-9A31-417E-9AD1-32DC5B59A90E}.AppStore|x86.Build.0 = Release|x86
		{12C851DA-9A31-417E-9AD1-32DC5B59A90E}.AppStore|x86.Deploy.0 = Release|x86
		{12C851DA-9A31-417E-9AD1-32DC5B59A90E}.Debug|Any CPU.ActiveCfg = Debug|x86
		{12C851DA-9A31-417E-9AD1-32DC5B59A90E}.Debug|ARM.ActiveCfg = Debug|ARM
		{12C851DA-9A31-417E-9AD1-32DC5B59A90E}.Debug|ARM.Build.0 = Debug|ARM
		{12C851DA-9A31-417E-9AD1-32DC5B59A90E}.Debug|ARM.Deploy.0 = Debug|ARM
		{12C851DA-9A31-417E-9AD1-32DC5B59A90E}.Debug|iPhone.ActiveCfg = Debug|x86
		{12C851DA-9A31-417E-9AD1-32DC5B59A90E}.Debug|iPhoneSimulator.ActiveCfg = Debug|x86
		{12C851DA-9A31-417E-9AD1-32DC5B59A90E}.Debug|x64.ActiveCfg = Debug|x64
		{12C851DA-9A31-417E-9AD1-32DC5B59A90E}.Debug|x64.Build.0 = Debug|x64
		{12C851DA-9A31-417E-9AD1-32DC5B59A90E}.Debug|x64.Deploy.0 = Debug|x64
		{12C851DA-9A31-417E-9AD1-32DC5B59A90E}.Debug|x86.ActiveCfg = Debug|x86
		{12C851DA-9A31-417E-9AD1-32DC5B59A90E}.Debug|x86.Build.0 = Debug|x86
		{12C851DA-9A31-417E-9AD1-32DC5B59A90E}.Debug|x86.Deploy.0 = Debug|x86
		{12C851DA-9A31-417E-9AD1-32DC5B59A90E}.Release|Any CPU.ActiveCfg = Release|x86
		{12C851DA-9A31-417E-9AD1-32DC5B59A90E}.Release|ARM.ActiveCfg = Release|ARM
		{12C851DA-9A31-417E-9AD1-32DC5B59A90E}.Release|ARM.Build.0 = Release|ARM
		{12C851DA-9A31-417E-9AD1-32DC5B59A90E}.Release|ARM.Deploy.0 = Release|ARM
		{12C851DA-9A31-417E-9AD1-32DC5B59A90E}.Release|iPhone.ActiveCfg = Release|x86
		{12C851DA-9A31-417E-9AD1-32DC5B59A90E}.Release|iPhoneSimulator.ActiveCfg = Release|x86
		{12C851DA-9A31-417E-9AD1-32DC5B59A90E}.Release|x64.ActiveCfg = Release|x64
		{12C851DA-9A31-417E-9AD1-32DC5B59A90E}.Release|x64.Build.0 = Release|x64
		{12C851DA-9A31-417E-9AD1-32DC5B59A90E}.Release|x64.Deploy.0 = Release|x64
		{12C851DA-9A31-417E-9AD1-32DC5B59A90E}.Release|x86.ActiveCfg = Release|x86
		{12C851DA-9A31-417E-9AD1-32DC5B59A90E}.Release|x86.Build.0 = Release|x86
		{12C851DA-9A31-417E-9AD1-32DC5B59A90E}.Release|x86.Deploy.0 = Release|x86
	EndGlobalSection
	GlobalSection(SolutionProperties) = preSolution
		HideSolutionNode = FALSE
	EndGlobalSection
	GlobalSection(ExtensibilityGlobals) = postSolution
		SolutionGuid = {14D7093B-DFD8-46A1-9B40-6F1A9D707F2D}
	EndGlobalSection
EndGlobal
